<?xml version="1.0" encoding="UTF-8" standalone="yes" ?>
<CodeBlocks_project_file>
	<FileVersion major="1" minor="6" />
	<Project>
		<Option title="voxels-0.7" />
		<Option pch_mode="2" />
		<Option compiler="gcc" />
		<Build>
			<Target title="Debug">
				<Option output="voxels-debug" prefix_auto="1" extension_auto="1" />
				<Option object_output="obj/Debug/" />
				<Option type="1" />
				<Option compiler="gcc" />
				<Compiler>
					<Add option="-g" />
					<Add option="-fPIC" />
					<Add option="-pie" />
					<Add option="-DDEBUG_VERSION" />
					<Add option="-D_GLIBCXX_DEBUG" />
				</Compiler>
				<Linker>
					<Add option="-fPIC" />
					<Add option="-pie" />
				</Linker>
			</Target>
			<Target title="Release">
				<Option output="voxels" prefix_auto="1" extension_auto="1" />
				<Option object_output="obj/Release/" />
				<Option type="1" />
				<Option compiler="gcc" />
				<Compiler>
					<Add option="-O3" />
					<Add option="-DNDEBUG" />
				</Compiler>
				<Linker>
					<Add option="-s" />
				</Linker>
			</Target>
			<Target title="Debug-ThreadSanitizer">
				<Option output="voxels-debug-tsan" prefix_auto="1" extension_auto="1" />
				<Option object_output="obj/Debug-ThreadSanitizer/" />
				<Option type="1" />
				<Option compiler="gcc" />
				<Compiler>
					<Add option="-g" />
					<Add option="-fPIC" />
					<Add option="-pie" />
					<Add option="-fsanitize=thread" />
					<Add option="-DDEBUG_VERSION" />
					<Add option="-D_GLIBCXX_DEBUG" />
				</Compiler>
				<Linker>
					<Add option="-fPIC" />
					<Add option="-pie" />
					<Add option="-fsanitize=thread" />
					<Add library="tsan" />
				</Linker>
			</Target>
			<Target title="Optimized">
				<Option output="voxels-optimized" prefix_auto="1" extension_auto="1" />
				<Option object_output="obj/Optimized/" />
				<Option type="1" />
				<Option compiler="gcc" />
				<Compiler>
					<Add option="-O3" />
					<Add option="-DDEBUG_VERSION" />
				</Compiler>
				<Linker>
					<Add option="-s" />
				</Linker>
			</Target>
			<Target title="Profile">
				<Option output="voxels-profile" prefix_auto="1" extension_auto="1" />
				<Option object_output="obj/Profile/" />
				<Option type="1" />
				<Option compiler="gcc" />
				<Compiler>
					<Add option="-O3" />
					<Add option="-pg" />
					<Add option="-g" />
					<Add option="-DDEBUG_VERSION" />
				</Compiler>
				<Linker>
					<Add option="-pg" />
				</Linker>
			</Target>
		</Build>
		<Compiler>
			<Add option="-std=c++11" />
			<Add option="-Wall" />
			<Add option="-march=native" />
			<Add option="-fexceptions" />
			<Add option="-pthread" />
			<Add option="`sdl2-config --cflags`" />
			<Add directory="include" />
		</Compiler>
		<Linker>
			<Add option="`sdl2-config --libs`" />
			<Add option="-pthread" />
			<Add option="-rdynamic" />
			<Add library="png" />
			<Add library="vorbis" />
			<Add library="ogg" />
			<Add library="vorbisfile" />
			<Add library="z" />
			<Add library="GL" />
		</Linker>
		<Unit filename="include/block/block.h" />
		<Unit filename="include/block/block_struct.h" />
		<Unit filename="include/block/builtin/air.h" />
		<Unit filename="include/block/builtin/cobblestone.h" />
		<Unit filename="include/block/builtin/crafting_table.h" />
		<Unit filename="include/block/builtin/dirt.h" />
		<Unit filename="include/block/builtin/dirt_block.h" />
		<Unit filename="include/block/builtin/fluid.h" />
		<Unit filename="include/block/builtin/full_block.h" />
		<Unit filename="include/block/builtin/grass.h" />
		<Unit filename="include/block/builtin/stone.h" />
		<Unit filename="include/block/builtin/stone_block.h" />
		<Unit filename="include/block/builtin/water.h" />
		<Unit filename="include/block/builtin/wood.h" />
		<Unit filename="include/block/builtin/woods.h" />
		<Unit filename="include/decoder/ogg_vorbis_decoder.h" />
		<Unit filename="include/decoder/png_decoder.h" />
		<Unit filename="include/entity/builtin/item.h" />
		<Unit filename="include/entity/entity.h" />
		<Unit filename="include/entity/entity_struct.h" />
		<Unit filename="include/generate/biome/biome.h" />
		<Unit filename="include/generate/biome/biome_descriptor.h" />
		<Unit filename="include/generate/biome/builtin/desert.h" />
		<Unit filename="include/generate/biome/builtin/jungle.h" />
		<Unit filename="include/generate/biome/builtin/ocean.h" />
		<Unit filename="include/generate/biome/builtin/tundra.h" />
		<Unit filename="include/generate/decorator.h" />
		<Unit filename="include/generate/decorator/cobblestone_spike.h" />
		<Unit filename="include/generate/decorator/dirt_vein.h" />
		<Unit filename="include/generate/decorator/mineral_vein.h" />
		<Unit filename="include/generate/decorator/pregenerated_instance.h" />
		<Unit filename="include/generate/decorator/tree.h" />
		<Unit filename="include/generate/decorator_declaration.h" />
		<Unit filename="include/generate/random_world_generator.h" />
		<Unit filename="include/input/input.h" />
		<Unit filename="include/item/builtin/block.h" />
		<Unit filename="include/item/builtin/bucket.h" />
		<Unit filename="include/item/builtin/cobblestone.h" />
		<Unit filename="include/item/builtin/crafting_table.h" />
		<Unit filename="include/item/builtin/dirt.h" />
		<Unit filename="include/item/builtin/grass.h" />
		<Unit filename="include/item/builtin/image.h" />
		<Unit filename="include/item/builtin/stone.h" />
		<Unit filename="include/item/builtin/tools/simple_toolset.h" />
		<Unit filename="include/item/builtin/tools/tool.h" />
		<Unit filename="include/item/builtin/tools/tools.h" />
		<Unit filename="include/item/builtin/wood.h" />
		<Unit filename="include/item/item.h" />
		<Unit filename="include/item/item_struct.h" />
		<Unit filename="include/lighting/lighting.h" />
		<Unit filename="include/physics/physics.h" />
		<Unit filename="include/platform/audio.h" />
		<Unit filename="include/platform/event.h" />
		<Unit filename="include/platform/platform.h" />
		<Unit filename="include/platform/platformgl.h" />
		<Unit filename="include/platform/thread_priority.h" />
		<Unit filename="include/player/player.h" />
		<Unit filename="include/ray_casting/ray_casting.h" />
		<Unit filename="include/recipe/builtin/pattern.h" />
		<Unit filename="include/recipe/builtin/unordered.h" />
		<Unit filename="include/recipe/recipe.h" />
		<Unit filename="include/render/generate.h" />
		<Unit filename="include/render/mesh.h" />
		<Unit filename="include/render/render_layer.h" />
		<Unit filename="include/render/render_settings.h" />
		<Unit filename="include/render/renderer.h" />
		<Unit filename="include/render/text.h" />
		<Unit filename="include/render/triangle.h" />
		<Unit filename="include/script/script.h" />
		<Unit filename="include/script/script_nodes.h" />
		<Unit filename="include/stream/compressed_stream.h" />
		<Unit filename="include/stream/network.h" />
		<Unit filename="include/stream/network_event.h" />
		<Unit filename="include/stream/stream.h" />
		<Unit filename="include/texture/image.h" />
		<Unit filename="include/texture/texture_atlas.h" />
		<Unit filename="include/texture/texture_descriptor.h" />
		<Unit filename="include/ui/button.h" />
		<Unit filename="include/ui/checkbox.h" />
		<Unit filename="include/ui/container.h" />
		<Unit filename="include/ui/dynamic_label.h" />
		<Unit filename="include/ui/element.h" />
		<Unit filename="include/ui/gameui.h" />
		<Unit filename="include/ui/image.h" />
		<Unit filename="include/ui/inventory.h" />
		<Unit filename="include/ui/item.h" />
		<Unit filename="include/ui/label.h" />
		<Unit filename="include/ui/labeled_element.h" />
		<Unit filename="include/ui/player_dialog.h" />
		<Unit filename="include/ui/shaded_container.h" />
		<Unit filename="include/ui/ui.h" />
		<Unit filename="include/util/atomic_shared_ptr.h" />
		<Unit filename="include/util/balanced_tree.h" />
		<Unit filename="include/util/basic_block_chunk.h" />
		<Unit filename="include/util/block_chunk.h" />
		<Unit filename="include/util/block_face.h" />
		<Unit filename="include/util/block_iterator.h" />
		<Unit filename="include/util/block_update.h" />
		<Unit filename="include/util/cached_variable.h" />
		<Unit filename="include/util/checked_array.h" />
		<Unit filename="include/util/circular_deque.h" />
		<Unit filename="include/util/color.h" />
		<Unit filename="include/util/cpu_relax.h" />
		<Unit filename="include/util/decorator_cache.h" />
		<Unit filename="include/util/dimension.h" />
		<Unit filename="include/util/enum_traits.h" />
		<Unit filename="include/util/event.h" />
		<Unit filename="include/util/flag.h" />
		<Unit filename="include/util/game_version.h" />
		<Unit filename="include/util/global_instance_maker.h" />
		<Unit filename="include/util/intrusive_list.h" />
		<Unit filename="include/util/linked_map.h" />
		<Unit filename="include/util/lock.h" />
		<Unit filename="include/util/logging.h" />
		<Unit filename="include/util/math_constants.h" />
		<Unit filename="include/util/matrix.h" />
		<Unit filename="include/util/monitored_variable.h" />
		<Unit filename="include/util/object_counter.h" />
		<Unit filename="include/util/ordered_weak_ptr.h" />
		<Unit filename="include/util/parallel_map.h" />
		<Unit filename="include/util/position.h" />
		<Unit filename="include/util/rw_lock.h" />
		<Unit filename="include/util/solve.h" />
		<Unit filename="include/util/spin_lock.h" />
		<Unit filename="include/util/string_cast.h" />
		<Unit filename="include/util/tool_level.h" />
		<Unit filename="include/util/unlock_guard.h" />
		<Unit filename="include/util/util.h" />
		<Unit filename="include/util/variable_set.h" />
		<Unit filename="include/util/vector.h" />
		<Unit filename="include/util/wood_descriptor.h" />
		<Unit filename="include/util/world_lock_manager.h" />
		<Unit filename="include/util/wrapped_entity.h" />
		<Unit filename="include/world/view_point.h" />
		<Unit filename="include/world/world.h" />
		<Unit filename="include/world/world_generator.h" />
		<Unit filename="src/block/block.cpp" />
		<Unit filename="src/block/builtin/air.cpp" />
		<Unit filename="src/block/builtin/dirt.cpp" />
		<Unit filename="src/block/builtin/grass.cpp" />
		<Unit filename="src/block/builtin/stone.cpp" />
		<Unit filename="src/block/builtin/woods.cpp" />
		<Unit filename="src/decoder/png_decoder.cpp" />
		<Unit filename="src/entity/builtin/item.cpp" />
		<Unit filename="src/entity/entity.cpp" />
		<Unit filename="src/generate/biome/biome.cpp" />
		<Unit filename="src/generate/biome/builtin/builtin.cpp" />
		<Unit filename="src/generate/decorator.cpp" />
		<Unit filename="src/generate/decorator/builtins.cpp" />
		<Unit filename="src/item/builtin/bucket.cpp" />
		<Unit filename="src/item/builtin/crafting_table.cpp" />
		<Unit filename="src/item/builtin/dirt.cpp" />
		<Unit filename="src/item/builtin/grass.cpp" />
		<Unit filename="src/item/builtin/stone.cpp" />
		<Unit filename="src/item/item.cpp" />
		<Unit filename="src/lighting/lighting.cpp" />
		<Unit filename="src/physics/physics.cpp" />
		<Unit filename="src/platform/audio.cpp" />
		<Unit filename="src/platform/main.cpp" />
		<Unit filename="src/platform/platform.cpp" />
		<Unit filename="src/player/player.cpp" />
		<Unit filename="src/ray_casting/ray_casting.cpp" />
		<Unit filename="src/recipe/recipe.cpp" />
		<Unit filename="src/render/mesh.cpp" />
		<Unit filename="src/render/render_settings.cpp" />
		<Unit filename="src/render/text.cpp" />
		<Unit filename="src/script/script.cpp" />
		<Unit filename="src/stream/compressed_stream.cpp" />
		<Unit filename="src/stream/network.cpp" />
		<Unit filename="src/stream/stream.cpp" />
		<Unit filename="src/texture/image.cpp" />
		<Unit filename="src/texture/texture_atlas.cpp" />
		<Unit filename="src/ui/container.cpp" />
		<Unit filename="src/ui/element.cpp" />
		<Unit filename="src/ui/gameui.cpp" />
		<Unit filename="src/ui/player_dialog.cpp" />
		<Unit filename="src/ui/ui.cpp" />
		<Unit filename="src/util/atomic_shared_ptr.cpp" />
		<Unit filename="src/util/block_chunk.cpp" />
		<Unit filename="src/util/game_version.cpp" />
		<Unit filename="src/util/logging.cpp" />
		<Unit filename="src/util/matrix.cpp" />
		<Unit filename="src/util/util.cpp" />
		<Unit filename="src/util/vector.cpp" />
		<Unit filename="src/util/wood_descriptor.cpp" />
		<Unit filename="src/world/view_point.cpp" />
		<Unit filename="src/world/world.cpp" />
		<Extensions>
			<code_completion />
			<envvars />
			<debugger />
			<lib_finder disable_auto="1" />
			<DoxyBlocks>
				<comment_style block="0" line="2" />
				<doxyfile_project />
				<doxyfile_build extract_all="1" />
				<doxyfile_warnings warn_if_undocumented="1" />
				<doxyfile_output />
				<doxyfile_dot class_diagrams="1" />
				<general use_at_in_tags="1" />
			</DoxyBlocks>
		</Extensions>
	</Project>
</CodeBlocks_project_file>
