<?xml version="1.0" encoding="UTF-8" standalone="yes" ?>
<CodeBlocks_project_file>
	<FileVersion major="1" minor="6" />
	<Project>
		<Option title="voxels-0.7" />
		<Option pch_mode="2" />
		<Option compiler="clang" />
		<Build>
			<Target title="Debug">
				<Option output="voxels-debug" prefix_auto="1" extension_auto="1" />
				<Option object_output="obj/Debug/" />
				<Option type="1" />
				<Option compiler="clang" />
				<Compiler>
					<Add option="-g" />
					<Add option="-DDEBUG_VERSION" />
				</Compiler>
			</Target>
			<Target title="Release">
				<Option output="voxels" prefix_auto="1" extension_auto="1" />
				<Option object_output="obj/Release/" />
				<Option type="1" />
				<Option compiler="clang" />
				<Compiler>
					<Add option="-O3" />
				</Compiler>
				<Linker>
					<Add option="-s" />
				</Linker>
			</Target>
		</Build>
		<Compiler>
			<Add option="-Wall" />
			<Add option="-std=c++11" />
			<Add option="-march=native" />
			<Add option="-fexceptions" />
			<Add option="`sdl2-config --cflags`" />
			<Add directory="include" />
		</Compiler>
		<Linker>
			<Add option="`sdl2-config --libs`" />
			<Add library="png" />
			<Add library="vorbis" />
			<Add library="ogg" />
			<Add library="vorbisfile" />
			<Add library="z" />
			<Add library="GL" />
		</Linker>
		<Unit filename="include/block/block.h" />
		<Unit filename="include/block/builtin/air.h" />
		<Unit filename="include/block/builtin/full_block.h" />
		<Unit filename="include/block/builtin/stone.h" />
		<Unit filename="include/block/builtin/stone_block.h" />
		<Unit filename="include/decoder/ogg_vorbis_decoder.h" />
		<Unit filename="include/decoder/png_decoder.h" />
		<Unit filename="include/entity/builtin/block_item.h" />
		<Unit filename="include/entity/builtin/item.h" />
		<Unit filename="include/entity/builtin/items/stone.h" />
		<Unit filename="include/entity/entity.h" />
		<Unit filename="include/lighting/lighting.h" />
		<Unit filename="include/physics/physics.h" />
		<Unit filename="include/platform/audio.h" />
		<Unit filename="include/platform/event.h" />
		<Unit filename="include/platform/platform.h" />
		<Unit filename="include/platform/platformgl.h" />
		<Unit filename="include/player/player.h" />
		<Unit filename="include/ray_casting/ray_casting.h" />
		<Unit filename="include/render/generate.h" />
		<Unit filename="include/render/mesh.h" />
		<Unit filename="include/render/render_layer.h" />
		<Unit filename="include/render/renderer.h" />
		<Unit filename="include/render/text.h" />
		<Unit filename="include/render/triangle.h" />
		<Unit filename="include/script/script.h" />
		<Unit filename="include/script/script_nodes.h" />
		<Unit filename="include/stream/compressed_stream.h" />
		<Unit filename="include/stream/network.h" />
		<Unit filename="include/stream/network_event.h" />
		<Unit filename="include/stream/stream.h" />
		<Unit filename="include/texture/image.h" />
		<Unit filename="include/texture/texture_atlas.h" />
		<Unit filename="include/texture/texture_descriptor.h" />
		<Unit filename="include/util/arena_allocator.h" />
		<Unit filename="include/util/balanced_tree.h" />
		<Unit filename="include/util/basic_block_chunk.h" />
		<Unit filename="include/util/block_chunk.h" />
		<Unit filename="include/util/block_face.h" />
		<Unit filename="include/util/block_iterator.h" />
		<Unit filename="include/util/block_update.h" />
		<Unit filename="include/util/cached_variable.h" />
		<Unit filename="include/util/circular_deque.h" />
		<Unit filename="include/util/color.h" />
		<Unit filename="include/util/cpu_relax.h" />
		<Unit filename="include/util/dimension.h" />
		<Unit filename="include/util/enum_traits.h" />
		<Unit filename="include/util/flag.h" />
		<Unit filename="include/util/game_version.h" />
		<Unit filename="include/util/global_instance_maker.h" />
		<Unit filename="include/util/linked_map.h" />
		<Unit filename="include/util/matrix.h" />
		<Unit filename="include/util/parallel_map.h" />
		<Unit filename="include/util/position.h" />
		<Unit filename="include/util/rw_lock.h" />
		<Unit filename="include/util/solve.h" />
		<Unit filename="include/util/spin_lock.h" />
		<Unit filename="include/util/string_cast.h" />
		<Unit filename="include/util/unlock_guard.h" />
		<Unit filename="include/util/util.h" />
		<Unit filename="include/util/variable_set.h" />
		<Unit filename="include/util/vector.h" />
		<Unit filename="include/world/world.h" />
		<Unit filename="include/world/world_generator.h" />
		<Unit filename="src/block/block.cpp" />
		<Unit filename="src/block/builtin/air.cpp" />
		<Unit filename="src/block/builtin/stone.cpp" />
		<Unit filename="src/decoder/png_decoder.cpp" />
		<Unit filename="src/entity/entity.cpp" />
		<Unit filename="src/physics/physics.cpp" />
		<Unit filename="src/platform/audio.cpp" />
		<Unit filename="src/platform/main.cpp" />
		<Unit filename="src/platform/platform.cpp" />
		<Unit filename="src/player/player.cpp" />
		<Unit filename="src/render/mesh.cpp" />
		<Unit filename="src/render/text.cpp" />
		<Unit filename="src/script/script.cpp" />
		<Unit filename="src/stream/compressed_stream.cpp" />
		<Unit filename="src/stream/network.cpp" />
		<Unit filename="src/stream/stream.cpp" />
		<Unit filename="src/texture/image.cpp" />
		<Unit filename="src/texture/texture_atlas.cpp" />
		<Unit filename="src/util/game_version.cpp" />
		<Unit filename="src/util/matrix.cpp" />
		<Unit filename="src/util/util.cpp" />
		<Unit filename="src/util/vector.cpp" />
		<Unit filename="src/world/world.cpp" />
		<Extensions>
			<code_completion />
			<envvars />
			<debugger />
			<lib_finder disable_auto="1" />
		</Extensions>
	</Project>
</CodeBlocks_project_file>
